
Microsoft Visual Studio Solution File, Format Version 12.00
# Visual Studio 15
VisualStudioVersion = 15.0.28307.757
MinimumVisualStudioVersion = 10.0.40219.1
Project("{FAE04EC0-301F-11D3-BF4B-00C04F79EFBC}") = "CeApp", "src\CeApp\CeApp.csproj", "{51CF80C3-ACD5-4507-9A03-021819ACDA88}"
EndProject
Project("{2150E333-8FDC-42A3-9474-1A3956D46DE8}") = "Website", "Website", "{663FDAB6-ED2C-4444-9E5D-04C8ACDCDE20}"
EndProject
Project("{2150E333-8FDC-42A3-9474-1A3956D46DE8}") = "ConsoleApp", "ConsoleApp", "{C76943D7-565C-4EB6-8F4B-C8CFC92CB79A}"
EndProject
Project("{2150E333-8FDC-42A3-9474-1A3956D46DE8}") = "DataAccess", "DataAccess", "{72720DFF-825C-4315-BED2-9603154FB0A2}"
EndProject
Global
	GlobalSection(SolutionConfigurationPlatforms) = preSolution
		Debug|Any CPU = Debug|Any CPU
		Release|Any CPU = Release|Any CPU
	EndGlobalSection
	GlobalSection(ProjectConfigurationPlatforms) = postSolution
		{51CF80C3-ACD5-4507-9A03-021819ACDA88}.Debug|Any CPU.ActiveCfg = Debug|Any CPU
		{51CF80C3-ACD5-4507-9A03-021819ACDA88}.Debug|Any CPU.Build.0 = Debug|Any CPU
		{51CF80C3-ACD5-4507-9A03-021819ACDA88}.Release|Any CPU.ActiveCfg = Release|Any CPU
		{51CF80C3-ACD5-4507-9A03-021819ACDA88}.Release|Any CPU.Build.0 = Release|Any CPU
	EndGlobalSection
	GlobalSection(SolutionProperties) = preSolution
		HideSolutionNode = FALSE
	EndGlobalSection
	GlobalSection(NestedProjects) = preSolution
		{51CF80C3-ACD5-4507-9A03-021819ACDA88} = {663FDAB6-ED2C-4444-9E5D-04C8ACDCDE20}
	EndGlobalSection
	GlobalSection(ExtensibilityGlobals) = postSolution
		SolutionGuid = {674BE135-571F-4C6C-9D07-F146ABF8240F}
	EndGlobalSection
EndGlobal
