
Microsoft Visual Studio Solution File, Format Version 12.00
# Visual Studio 15
VisualStudioVersion = 15.0.28307.757
MinimumVisualStudioVersion = 10.0.40219.1
Project("{FAE04EC0-301F-11D3-BF4B-00C04F79EFBC}") = "CeApp", "src\CeApp\CeApp.csproj", "{51CF80C3-ACD5-4507-9A03-021819ACDA88}"
EndProject
Project("{2150E333-8FDC-42A3-9474-1A3956D46DE8}") = "Website", "Website", "{663FDAB6-ED2C-4444-9E5D-04C8ACDCDE20}"
EndProject
Project("{2150E333-8FDC-42A3-9474-1A3956D46DE8}") = "ConsoleApp", "ConsoleApp", "{C76943D7-565C-4EB6-8F4B-C8CFC92CB79A}"
EndProject
Project("{2150E333-8FDC-42A3-9474-1A3956D46DE8}") = "DataAccess", "DataAccess", "{72720DFF-825C-4315-BED2-9603154FB0A2}"
EndProject
Project("{2150E333-8FDC-42A3-9474-1A3956D46DE8}") = "BusinessLogic", "BusinessLogic", "{313C5847-406D-4E31-8445-326A0EEE6C78}"
EndProject
Project("{FAE04EC0-301F-11D3-BF4B-00C04F79EFBC}") = "CeApp.DataAccess", "src\CeApp.DataAccess\CeApp.DataAccess.csproj", "{3595CABF-04A1-4146-992E-3D97ED32E9CD}"
EndProject
Project("{FAE04EC0-301F-11D3-BF4B-00C04F79EFBC}") = "CeApp.DataObjects", "src\CeApp.DataObjects\CeApp.DataObjects.csproj", "{CCD0CEA1-A38B-43DE-8F63-F9CDD3BA15DF}"
EndProject
Project("{FAE04EC0-301F-11D3-BF4B-00C04F79EFBC}") = "CeApp.ApiDataAccess", "src\CeApp.ApiDataAccess\CeApp.ApiDataAccess.csproj", "{22AEA57A-D55D-4956-8FCA-FFA026700582}"
EndProject
Project("{FAE04EC0-301F-11D3-BF4B-00C04F79EFBC}") = "CeApp.Services", "src\CeApp.Services\CeApp.Services.csproj", "{90E61726-243B-4875-BF69-3B28C8D3B75C}"
EndProject
Project("{FAE04EC0-301F-11D3-BF4B-00C04F79EFBC}") = "CeApp.DI", "src\CeApp.DI\CeApp.DI.csproj", "{E76BBE1A-E047-41B1-8D95-CCEA692B847C}"
EndProject
Project("{FAE04EC0-301F-11D3-BF4B-00C04F79EFBC}") = "CeApp.CUI", "src\CeApp.CUI\CeApp.CUI.csproj", "{8E3251F9-95F5-470B-AE1F-B8760E633CA1}"
EndProject
Global
	GlobalSection(SolutionConfigurationPlatforms) = preSolution
		Debug|Any CPU = Debug|Any CPU
		Release|Any CPU = Release|Any CPU
	EndGlobalSection
	GlobalSection(ProjectConfigurationPlatforms) = postSolution
		{51CF80C3-ACD5-4507-9A03-021819ACDA88}.Debug|Any CPU.ActiveCfg = Debug|Any CPU
		{51CF80C3-ACD5-4507-9A03-021819ACDA88}.Debug|Any CPU.Build.0 = Debug|Any CPU
		{51CF80C3-ACD5-4507-9A03-021819ACDA88}.Release|Any CPU.ActiveCfg = Release|Any CPU
		{51CF80C3-ACD5-4507-9A03-021819ACDA88}.Release|Any CPU.Build.0 = Release|Any CPU
		{3595CABF-04A1-4146-992E-3D97ED32E9CD}.Debug|Any CPU.ActiveCfg = Debug|Any CPU
		{3595CABF-04A1-4146-992E-3D97ED32E9CD}.Debug|Any CPU.Build.0 = Debug|Any CPU
		{3595CABF-04A1-4146-992E-3D97ED32E9CD}.Release|Any CPU.ActiveCfg = Release|Any CPU
		{3595CABF-04A1-4146-992E-3D97ED32E9CD}.Release|Any CPU.Build.0 = Release|Any CPU
		{CCD0CEA1-A38B-43DE-8F63-F9CDD3BA15DF}.Debug|Any CPU.ActiveCfg = Debug|Any CPU
		{CCD0CEA1-A38B-43DE-8F63-F9CDD3BA15DF}.Debug|Any CPU.Build.0 = Debug|Any CPU
		{CCD0CEA1-A38B-43DE-8F63-F9CDD3BA15DF}.Release|Any CPU.ActiveCfg = Release|Any CPU
		{CCD0CEA1-A38B-43DE-8F63-F9CDD3BA15DF}.Release|Any CPU.Build.0 = Release|Any CPU
		{22AEA57A-D55D-4956-8FCA-FFA026700582}.Debug|Any CPU.ActiveCfg = Debug|Any CPU
		{22AEA57A-D55D-4956-8FCA-FFA026700582}.Debug|Any CPU.Build.0 = Debug|Any CPU
		{22AEA57A-D55D-4956-8FCA-FFA026700582}.Release|Any CPU.ActiveCfg = Release|Any CPU
		{22AEA57A-D55D-4956-8FCA-FFA026700582}.Release|Any CPU.Build.0 = Release|Any CPU
		{90E61726-243B-4875-BF69-3B28C8D3B75C}.Debug|Any CPU.ActiveCfg = Debug|Any CPU
		{90E61726-243B-4875-BF69-3B28C8D3B75C}.Debug|Any CPU.Build.0 = Debug|Any CPU
		{90E61726-243B-4875-BF69-3B28C8D3B75C}.Release|Any CPU.ActiveCfg = Release|Any CPU
		{90E61726-243B-4875-BF69-3B28C8D3B75C}.Release|Any CPU.Build.0 = Release|Any CPU
		{E76BBE1A-E047-41B1-8D95-CCEA692B847C}.Debug|Any CPU.ActiveCfg = Debug|Any CPU
		{E76BBE1A-E047-41B1-8D95-CCEA692B847C}.Debug|Any CPU.Build.0 = Debug|Any CPU
		{E76BBE1A-E047-41B1-8D95-CCEA692B847C}.Release|Any CPU.ActiveCfg = Release|Any CPU
		{E76BBE1A-E047-41B1-8D95-CCEA692B847C}.Release|Any CPU.Build.0 = Release|Any CPU
		{8E3251F9-95F5-470B-AE1F-B8760E633CA1}.Debug|Any CPU.ActiveCfg = Debug|Any CPU
		{8E3251F9-95F5-470B-AE1F-B8760E633CA1}.Debug|Any CPU.Build.0 = Debug|Any CPU
		{8E3251F9-95F5-470B-AE1F-B8760E633CA1}.Release|Any CPU.ActiveCfg = Release|Any CPU
		{8E3251F9-95F5-470B-AE1F-B8760E633CA1}.Release|Any CPU.Build.0 = Release|Any CPU
	EndGlobalSection
	GlobalSection(SolutionProperties) = preSolution
		HideSolutionNode = FALSE
	EndGlobalSection
	GlobalSection(NestedProjects) = preSolution
		{51CF80C3-ACD5-4507-9A03-021819ACDA88} = {663FDAB6-ED2C-4444-9E5D-04C8ACDCDE20}
		{3595CABF-04A1-4146-992E-3D97ED32E9CD} = {72720DFF-825C-4315-BED2-9603154FB0A2}
		{CCD0CEA1-A38B-43DE-8F63-F9CDD3BA15DF} = {313C5847-406D-4E31-8445-326A0EEE6C78}
		{22AEA57A-D55D-4956-8FCA-FFA026700582} = {72720DFF-825C-4315-BED2-9603154FB0A2}
		{90E61726-243B-4875-BF69-3B28C8D3B75C} = {313C5847-406D-4E31-8445-326A0EEE6C78}
		{E76BBE1A-E047-41B1-8D95-CCEA692B847C} = {313C5847-406D-4E31-8445-326A0EEE6C78}
		{8E3251F9-95F5-470B-AE1F-B8760E633CA1} = {C76943D7-565C-4EB6-8F4B-C8CFC92CB79A}
	EndGlobalSection
	GlobalSection(ExtensibilityGlobals) = postSolution
		SolutionGuid = {674BE135-571F-4C6C-9D07-F146ABF8240F}
	EndGlobalSection
EndGlobal
